
Microsoft Visual Studio Solution File, Format Version 12.00
# Visual Studio Version 17
VisualStudioVersion = 17.0.31903.59
MinimumVisualStudioVersion = 10.0.40219.1
Project("{2150E333-8FDC-42A3-9474-1A3956D46DE8}") = "src", "src", "{827E0CD3-B72D-47B6-A68D-7590B98EB39B}"
EndProject
Project("{FAE04EC0-301F-11D3-BF4B-00C04F79EFBC}") = "FabWinUIDesigner.Document", "src\FabWinUIDesigner.Document\FabWinUIDesigner.Document.csproj", "{F0FDC0B4-9A06-43BD-BFAE-52154BA6BB41}"
EndProject
Project("{FAE04EC0-301F-11D3-BF4B-00C04F79EFBC}") = "FabWinUIDesigner.CodeGen", "src\FabWinUIDesigner.CodeGen\FabWinUIDesigner.CodeGen.csproj", "{E7D38679-5D3D-4F5C-B2E6-DF51D8D06B90}"
EndProject
Project("{FAE04EC0-301F-11D3-BF4B-00C04F79EFBC}") = "FabWinUIDesigner.Core", "src\FabWinUIDesigner.Core\FabWinUIDesigner.Core.csproj", "{213A7B2D-A985-40BC-9015-FAC3F5998CF5}"
EndProject
Project("{FAE04EC0-301F-11D3-BF4B-00C04F79EFBC}") = "FabWinUIDesigner.App", "src\FabWinUIDesigner.App\FabWinUIDesigner.App.csproj", "{6AF7B83A-0AFC-40FC-A1F7-BCCF6981364F}"
EndProject
Project("{2150E333-8FDC-42A3-9474-1A3956D46DE8}") = "tests", "tests", "{0AB3BF05-4346-4AA6-1389-037BE0695223}"
EndProject
Project("{FAE04EC0-301F-11D3-BF4B-00C04F79EFBC}") = "FabWinUIDesigner.Document.Tests", "tests\FabWinUIDesigner.Document.Tests\FabWinUIDesigner.Document.Tests.csproj", "{9941F5FA-B699-45F2-88B2-5A61FEF5C80E}"
EndProject
Project("{FAE04EC0-301F-11D3-BF4B-00C04F79EFBC}") = "FabWinUIDesigner.CodeGen.Tests", "tests\FabWinUIDesigner.CodeGen.Tests\FabWinUIDesigner.CodeGen.Tests.csproj", "{D1F60A00-8705-448B-85AA-BD0B713D7410}"
EndProject
Global
	GlobalSection(SolutionConfigurationPlatforms) = preSolution
		Debug|Any CPU = Debug|Any CPU
		Debug|x64 = Debug|x64
		Debug|x86 = Debug|x86
		Release|Any CPU = Release|Any CPU
		Release|x64 = Release|x64
		Release|x86 = Release|x86
	EndGlobalSection
	GlobalSection(ProjectConfigurationPlatforms) = postSolution
		{F0FDC0B4-9A06-43BD-BFAE-52154BA6BB41}.Debug|Any CPU.ActiveCfg = Debug|Any CPU
		{F0FDC0B4-9A06-43BD-BFAE-52154BA6BB41}.Debug|Any CPU.Build.0 = Debug|Any CPU
		{F0FDC0B4-9A06-43BD-BFAE-52154BA6BB41}.Debug|x64.ActiveCfg = Debug|Any CPU
		{F0FDC0B4-9A06-43BD-BFAE-52154BA6BB41}.Debug|x64.Build.0 = Debug|Any CPU
		{F0FDC0B4-9A06-43BD-BFAE-52154BA6BB41}.Debug|x86.ActiveCfg = Debug|Any CPU
		{F0FDC0B4-9A06-43BD-BFAE-52154BA6BB41}.Debug|x86.Build.0 = Debug|Any CPU
		{F0FDC0B4-9A06-43BD-BFAE-52154BA6BB41}.Release|Any CPU.ActiveCfg = Release|Any CPU
		{F0FDC0B4-9A06-43BD-BFAE-52154BA6BB41}.Release|Any CPU.Build.0 = Release|Any CPU
		{F0FDC0B4-9A06-43BD-BFAE-52154BA6BB41}.Release|x64.ActiveCfg = Release|Any CPU
		{F0FDC0B4-9A06-43BD-BFAE-52154BA6BB41}.Release|x64.Build.0 = Release|Any CPU
		{F0FDC0B4-9A06-43BD-BFAE-52154BA6BB41}.Release|x86.ActiveCfg = Release|Any CPU
		{F0FDC0B4-9A06-43BD-BFAE-52154BA6BB41}.Release|x86.Build.0 = Release|Any CPU
		{E7D38679-5D3D-4F5C-B2E6-DF51D8D06B90}.Debug|Any CPU.ActiveCfg = Debug|Any CPU
		{E7D38679-5D3D-4F5C-B2E6-DF51D8D06B90}.Debug|Any CPU.Build.0 = Debug|Any CPU
		{E7D38679-5D3D-4F5C-B2E6-DF51D8D06B90}.Debug|x64.ActiveCfg = Debug|Any CPU
		{E7D38679-5D3D-4F5C-B2E6-DF51D8D06B90}.Debug|x64.Build.0 = Debug|Any CPU
		{E7D38679-5D3D-4F5C-B2E6-DF51D8D06B90}.Debug|x86.ActiveCfg = Debug|Any CPU
		{E7D38679-5D3D-4F5C-B2E6-DF51D8D06B90}.Debug|x86.Build.0 = Debug|Any CPU
		{E7D38679-5D3D-4F5C-B2E6-DF51D8D06B90}.Release|Any CPU.ActiveCfg = Release|Any CPU
		{E7D38679-5D3D-4F5C-B2E6-DF51D8D06B90}.Release|Any CPU.Build.0 = Release|Any CPU
		{E7D38679-5D3D-4F5C-B2E6-DF51D8D06B90}.Release|x64.ActiveCfg = Release|Any CPU
		{E7D38679-5D3D-4F5C-B2E6-DF51D8D06B90}.Release|x64.Build.0 = Release|Any CPU
		{E7D38679-5D3D-4F5C-B2E6-DF51D8D06B90}.Release|x86.ActiveCfg = Release|Any CPU
		{E7D38679-5D3D-4F5C-B2E6-DF51D8D06B90}.Release|x86.Build.0 = Release|Any CPU
		{213A7B2D-A985-40BC-9015-FAC3F5998CF5}.Debug|Any CPU.ActiveCfg = Debug|x86
		{213A7B2D-A985-40BC-9015-FAC3F5998CF5}.Debug|Any CPU.Build.0 = Debug|x86
		{213A7B2D-A985-40BC-9015-FAC3F5998CF5}.Debug|x64.ActiveCfg = Debug|x64
		{213A7B2D-A985-40BC-9015-FAC3F5998CF5}.Debug|x64.Build.0 = Debug|x64
		{213A7B2D-A985-40BC-9015-FAC3F5998CF5}.Debug|x86.ActiveCfg = Debug|x86
		{213A7B2D-A985-40BC-9015-FAC3F5998CF5}.Debug|x86.Build.0 = Debug|x86
		{213A7B2D-A985-40BC-9015-FAC3F5998CF5}.Release|Any CPU.ActiveCfg = Release|x86
		{213A7B2D-A985-40BC-9015-FAC3F5998CF5}.Release|Any CPU.Build.0 = Release|x86
		{213A7B2D-A985-40BC-9015-FAC3F5998CF5}.Release|x64.ActiveCfg = Release|x64
		{213A7B2D-A985-40BC-9015-FAC3F5998CF5}.Release|x64.Build.0 = Release|x64
		{213A7B2D-A985-40BC-9015-FAC3F5998CF5}.Release|x86.ActiveCfg = Release|x86
		{213A7B2D-A985-40BC-9015-FAC3F5998CF5}.Release|x86.Build.0 = Release|x86
		{6AF7B83A-0AFC-40FC-A1F7-BCCF6981364F}.Debug|Any CPU.ActiveCfg = Debug|x86
		{6AF7B83A-0AFC-40FC-A1F7-BCCF6981364F}.Debug|Any CPU.Build.0 = Debug|x86
		{6AF7B83A-0AFC-40FC-A1F7-BCCF6981364F}.Debug|x64.ActiveCfg = Debug|x64
		{6AF7B83A-0AFC-40FC-A1F7-BCCF6981364F}.Debug|x64.Build.0 = Debug|x64
		{6AF7B83A-0AFC-40FC-A1F7-BCCF6981364F}.Debug|x86.ActiveCfg = Debug|x86
		{6AF7B83A-0AFC-40FC-A1F7-BCCF6981364F}.Debug|x86.Build.0 = Debug|x86
		{6AF7B83A-0AFC-40FC-A1F7-BCCF6981364F}.Release|Any CPU.ActiveCfg = Release|x86
		{6AF7B83A-0AFC-40FC-A1F7-BCCF6981364F}.Release|Any CPU.Build.0 = Release|x86
		{6AF7B83A-0AFC-40FC-A1F7-BCCF6981364F}.Release|x64.ActiveCfg = Release|x64
		{6AF7B83A-0AFC-40FC-A1F7-BCCF6981364F}.Release|x64.Build.0 = Release|x64
		{6AF7B83A-0AFC-40FC-A1F7-BCCF6981364F}.Release|x86.ActiveCfg = Release|x86
		{6AF7B83A-0AFC-40FC-A1F7-BCCF6981364F}.Release|x86.Build.0 = Release|x86
		{9941F5FA-B699-45F2-88B2-5A61FEF5C80E}.Debug|Any CPU.ActiveCfg = Debug|Any CPU
		{9941F5FA-B699-45F2-88B2-5A61FEF5C80E}.Debug|Any CPU.Build.0 = Debug|Any CPU
		{9941F5FA-B699-45F2-88B2-5A61FEF5C80E}.Debug|x64.ActiveCfg = Debug|Any CPU
		{9941F5FA-B699-45F2-88B2-5A61FEF5C80E}.Debug|x64.Build.0 = Debug|Any CPU
		{9941F5FA-B699-45F2-88B2-5A61FEF5C80E}.Debug|x86.ActiveCfg = Debug|Any CPU
		{9941F5FA-B699-45F2-88B2-5A61FEF5C80E}.Debug|x86.Build.0 = Debug|Any CPU
		{9941F5FA-B699-45F2-88B2-5A61FEF5C80E}.Release|Any CPU.ActiveCfg = Release|Any CPU
		{9941F5FA-B699-45F2-88B2-5A61FEF5C80E}.Release|Any CPU.Build.0 = Release|Any CPU
		{9941F5FA-B699-45F2-88B2-5A61FEF5C80E}.Release|x64.ActiveCfg = Release|Any CPU
		{9941F5FA-B699-45F2-88B2-5A61FEF5C80E}.Release|x64.Build.0 = Release|Any CPU
		{9941F5FA-B699-45F2-88B2-5A61FEF5C80E}.Release|x86.ActiveCfg = Release|Any CPU
		{9941F5FA-B699-45F2-88B2-5A61FEF5C80E}.Release|x86.Build.0 = Release|Any CPU
		{D1F60A00-8705-448B-85AA-BD0B713D7410}.Debug|Any CPU.ActiveCfg = Debug|Any CPU
		{D1F60A00-8705-448B-85AA-BD0B713D7410}.Debug|Any CPU.Build.0 = Debug|Any CPU
		{D1F60A00-8705-448B-85AA-BD0B713D7410}.Debug|x64.ActiveCfg = Debug|Any CPU
		{D1F60A00-8705-448B-85AA-BD0B713D7410}.Debug|x64.Build.0 = Debug|Any CPU
		{D1F60A00-8705-448B-85AA-BD0B713D7410}.Debug|x86.ActiveCfg = Debug|Any CPU
		{D1F60A00-8705-448B-85AA-BD0B713D7410}.Debug|x86.Build.0 = Debug|Any CPU
		{D1F60A00-8705-448B-85AA-BD0B713D7410}.Release|Any CPU.ActiveCfg = Release|Any CPU
		{D1F60A00-8705-448B-85AA-BD0B713D7410}.Release|Any CPU.Build.0 = Release|Any CPU
		{D1F60A00-8705-448B-85AA-BD0B713D7410}.Release|x64.ActiveCfg = Release|Any CPU
		{D1F60A00-8705-448B-85AA-BD0B713D7410}.Release|x64.Build.0 = Release|Any CPU
		{D1F60A00-8705-448B-85AA-BD0B713D7410}.Release|x86.ActiveCfg = Release|Any CPU
		{D1F60A00-8705-448B-85AA-BD0B713D7410}.Release|x86.Build.0 = Release|Any CPU
	EndGlobalSection
	GlobalSection(SolutionProperties) = preSolution
		HideSolutionNode = FALSE
	EndGlobalSection
	GlobalSection(NestedProjects) = preSolution
		{F0FDC0B4-9A06-43BD-BFAE-52154BA6BB41} = {827E0CD3-B72D-47B6-A68D-7590B98EB39B}
		{E7D38679-5D3D-4F5C-B2E6-DF51D8D06B90} = {827E0CD3-B72D-47B6-A68D-7590B98EB39B}
		{213A7B2D-A985-40BC-9015-FAC3F5998CF5} = {827E0CD3-B72D-47B6-A68D-7590B98EB39B}
		{6AF7B83A-0AFC-40FC-A1F7-BCCF6981364F} = {827E0CD3-B72D-47B6-A68D-7590B98EB39B}
		{9941F5FA-B699-45F2-88B2-5A61FEF5C80E} = {0AB3BF05-4346-4AA6-1389-037BE0695223}
		{D1F60A00-8705-448B-85AA-BD0B713D7410} = {0AB3BF05-4346-4AA6-1389-037BE0695223}
	EndGlobalSection
EndGlobal
